
Microsoft Visual Studio Solution File, Format Version 12.00
# Visual Studio 2012
Project("{FAE04EC0-301F-11D3-BF4B-00C04F79EFBC}") = "RiadIMDB", "RiadIMDB\RiadIMDB.csproj", "{8F9DC0ED-A548-45D9-B192-3F4B1AB3B973}"
EndProject
Global
	GlobalSection(SolutionConfigurationPlatforms) = preSolution
		Debug|iPhoneSimulator = Debug|iPhoneSimulator
		Release|iPhone = Release|iPhone
		Release|iPhoneSimulator = Release|iPhoneSimulator
		Debug|iPhone = Debug|iPhone
	EndGlobalSection
	GlobalSection(ProjectConfigurationPlatforms) = postSolution
		{8F9DC0ED-A548-45D9-B192-3F4B1AB3B973}.Debug|iPhoneSimulator.ActiveCfg = Debug|iPhoneSimulator
		{8F9DC0ED-A548-45D9-B192-3F4B1AB3B973}.Debug|iPhoneSimulator.Build.0 = Debug|iPhoneSimulator
		{8F9DC0ED-A548-45D9-B192-3F4B1AB3B973}.Release|iPhone.ActiveCfg = Release|iPhone
		{8F9DC0ED-A548-45D9-B192-3F4B1AB3B973}.Release|iPhone.Build.0 = Release|iPhone
		{8F9DC0ED-A548-45D9-B192-3F4B1AB3B973}.Release|iPhoneSimulator.ActiveCfg = Release|iPhoneSimulator
		{8F9DC0ED-A548-45D9-B192-3F4B1AB3B973}.Release|iPhoneSimulator.Build.0 = Release|iPhoneSimulator
		{8F9DC0ED-A548-45D9-B192-3F4B1AB3B973}.Debug|iPhone.ActiveCfg = Debug|iPhone
		{8F9DC0ED-A548-45D9-B192-3F4B1AB3B973}.Debug|iPhone.Build.0 = Debug|iPhone
	EndGlobalSection
EndGlobal
